
Microsoft Visual Studio Solution File, Format Version 12.00
# Visual Studio Version 16
VisualStudioVersion = 16.0.31729.503
MinimumVisualStudioVersion = 10.0.40219.1
Project("{FAE04EC0-301F-11D3-BF4B-00C04F79EFBC}") = "Smokeball.API", "Smokeball.API\Smokeball.API.csproj", "{3EF04F4D-AF0C-45E3-AE34-080083797E9F}"
EndProject
Project("{FAE04EC0-301F-11D3-BF4B-00C04F79EFBC}") = "Smokeball.UnitTest", "Smokeball.UnitTest\Smokeball.UnitTest.csproj", "{DD9C85CA-1042-4914-A1B6-271231510B4D}"
EndProject
Project("{FAE04EC0-301F-11D3-BF4B-00C04F79EFBC}") = "Smokeball.Domain", "Smokeball.Domain\Smokeball.Domain.csproj", "{ED7A19D8-4B4E-41CD-B30F-4CF87B193869}"
EndProject
Project("{FAE04EC0-301F-11D3-BF4B-00C04F79EFBC}") = "Smokeball.Desktop", "Smokeball.Desktop\Smokeball.Desktop.csproj", "{B859394C-B070-4BB1-A2E5-1C292AC44AC0}"
EndProject
Project("{FAE04EC0-301F-11D3-BF4B-00C04F79EFBC}") = "Smokeball.Common", "Smokeball.Common\Smokeball.Common.csproj", "{4586FE76-2019-4A07-9256-115B3DB396B2}"
EndProject
Global
	GlobalSection(SolutionConfigurationPlatforms) = preSolution
		Debug|Any CPU = Debug|Any CPU
		Release|Any CPU = Release|Any CPU
	EndGlobalSection
	GlobalSection(ProjectConfigurationPlatforms) = postSolution
		{3EF04F4D-AF0C-45E3-AE34-080083797E9F}.Debug|Any CPU.ActiveCfg = Debug|Any CPU
		{3EF04F4D-AF0C-45E3-AE34-080083797E9F}.Debug|Any CPU.Build.0 = Debug|Any CPU
		{3EF04F4D-AF0C-45E3-AE34-080083797E9F}.Release|Any CPU.ActiveCfg = Release|Any CPU
		{3EF04F4D-AF0C-45E3-AE34-080083797E9F}.Release|Any CPU.Build.0 = Release|Any CPU
		{DD9C85CA-1042-4914-A1B6-271231510B4D}.Debug|Any CPU.ActiveCfg = Debug|Any CPU
		{DD9C85CA-1042-4914-A1B6-271231510B4D}.Debug|Any CPU.Build.0 = Debug|Any CPU
		{DD9C85CA-1042-4914-A1B6-271231510B4D}.Release|Any CPU.ActiveCfg = Release|Any CPU
		{DD9C85CA-1042-4914-A1B6-271231510B4D}.Release|Any CPU.Build.0 = Release|Any CPU
		{ED7A19D8-4B4E-41CD-B30F-4CF87B193869}.Debug|Any CPU.ActiveCfg = Debug|Any CPU
		{ED7A19D8-4B4E-41CD-B30F-4CF87B193869}.Debug|Any CPU.Build.0 = Debug|Any CPU
		{ED7A19D8-4B4E-41CD-B30F-4CF87B193869}.Release|Any CPU.ActiveCfg = Release|Any CPU
		{ED7A19D8-4B4E-41CD-B30F-4CF87B193869}.Release|Any CPU.Build.0 = Release|Any CPU
		{B859394C-B070-4BB1-A2E5-1C292AC44AC0}.Debug|Any CPU.ActiveCfg = Debug|Any CPU
		{B859394C-B070-4BB1-A2E5-1C292AC44AC0}.Debug|Any CPU.Build.0 = Debug|Any CPU
		{B859394C-B070-4BB1-A2E5-1C292AC44AC0}.Release|Any CPU.ActiveCfg = Release|Any CPU
		{B859394C-B070-4BB1-A2E5-1C292AC44AC0}.Release|Any CPU.Build.0 = Release|Any CPU
		{4586FE76-2019-4A07-9256-115B3DB396B2}.Debug|Any CPU.ActiveCfg = Debug|Any CPU
		{4586FE76-2019-4A07-9256-115B3DB396B2}.Debug|Any CPU.Build.0 = Debug|Any CPU
		{4586FE76-2019-4A07-9256-115B3DB396B2}.Release|Any CPU.ActiveCfg = Release|Any CPU
		{4586FE76-2019-4A07-9256-115B3DB396B2}.Release|Any CPU.Build.0 = Release|Any CPU
	EndGlobalSection
	GlobalSection(SolutionProperties) = preSolution
		HideSolutionNode = FALSE
	EndGlobalSection
	GlobalSection(ExtensibilityGlobals) = postSolution
		SolutionGuid = {9A6D3D05-1442-4425-8ED8-36768F4AE602}
	EndGlobalSection
EndGlobal
